# This file is automatically @generated by Cargo.
# It is not intended for manual editing.
version = 4

[[package]]
name = "autd3"
version = "38.0.1"
source = "registry+https://github.com/rust-lang/crates.io-index"
checksum = "c1f30c89616e44bbb3852fc70d90b3c34d317286db8864280f587230c5feb529"
dependencies = [
 "autd3-core",
 "autd3-driver",
 "autd3-firmware-emulator",
]

[[package]]
name = "autd3-core"
version = "38.0.1"
source = "registry+https://github.com/rust-lang/crates.io-index"
checksum = "2fd786d0c20778c4e776d754e3c458e105052186bcf315c6a393eacb9afd52d1"
dependencies = [
 "autd3-derive",
]

[[package]]
name = "autd3-derive"
version = "38.0.1"
source = "registry+https://github.com/rust-lang/crates.io-index"
checksum = "43d983cb0a319eae77df562e5f42da183815c80d08abf4240ef85af1fd8cf98b"

[[package]]
name = "autd3-driver"
version = "38.0.1"
source = "registry+https://github.com/rust-lang/crates.io-index"
checksum = "585d3d6a60f2d26e29fc8352f0b7018ede92186d7a3cac1f899139949262081d"
dependencies = [
 "autd3-core",
]

[[package]]
name = "autd3-emulator"
version = "38.0.1"
source = "registry+https://github.com/rust-lang/crates.io-index"
checksum = "39125bad6a7ba8ebe9f572d0b68a5f70204abf497f07e5c5250331249f3946b2"
dependencies = [
 "autd3",
 "autd3-core",
 "autd3-firmware-emulator",
]

[[package]]
name = "autd3-firmware-emulator"
version = "38.0.1"
source = "registry+https://github.com/rust-lang/crates.io-index"
checksum = "bc6024aaa61831f75fd4cadc419c011d01c192c5ff244aeeb97ba3c978038a9d"
dependencies = [
 "autd3-core",
 "autd3-driver",
]

[[package]]
name = "autd3capi-driver"
version = "38.0.1"
source = "git+https://github.com/shinolab/autd3-capi.git#a0b0df07a9ab1c9f0e5dfcb028b335266f20f11f"
dependencies = [
 "autd3",
 "autd3-core",
]

[[package]]
name = "autd3capi-emulator"
version = "38.0.1"
dependencies = [
 "autd3-emulator",
 "autd3capi-driver",
]
