# This file is automatically @generated by Cargo.
# It is not intended for manual editing.
version = 4

[[package]]
name = "autd3"
version = "38.0.0"
source = "registry+https://github.com/rust-lang/crates.io-index"
checksum = "7e1dfcc73b5755ffe17f42589983741eb97356ca387e68e0311494d9076b654f"
dependencies = [
 "autd3-core",
 "autd3-driver",
 "autd3-firmware-emulator",
]

[[package]]
name = "autd3-core"
version = "38.0.0"
source = "registry+https://github.com/rust-lang/crates.io-index"
checksum = "3fad9839c0bda9e2edcd0e2a34c96905ee0029cdee57ca23bcec10ab289db3be"
dependencies = [
 "autd3-derive",
]

[[package]]
name = "autd3-derive"
version = "38.0.0"
source = "registry+https://github.com/rust-lang/crates.io-index"
checksum = "3b3808efd124f2ebc9837c03ed807d45b01f0be1bde692ccdb7594433e72fb7a"

[[package]]
name = "autd3-driver"
version = "38.0.0"
source = "registry+https://github.com/rust-lang/crates.io-index"
checksum = "8eb900d42a343e53d653da42b964894bb9f48d4353ea0716500362a1bc84df86"
dependencies = [
 "autd3-core",
]

[[package]]
name = "autd3-emulator"
version = "38.0.0"
source = "registry+https://github.com/rust-lang/crates.io-index"
checksum = "fa14f3a52e94dbd8e1dd2438cae7a203257cb4407ba642d178f44b51225694ab"
dependencies = [
 "autd3",
 "autd3-core",
 "autd3-firmware-emulator",
]

[[package]]
name = "autd3-firmware-emulator"
version = "38.0.0"
source = "registry+https://github.com/rust-lang/crates.io-index"
checksum = "c1d38baa3f1082a73178b2568dd5d09e003a268a4ca7d54fbbf8c46787e758bf"
dependencies = [
 "autd3-core",
 "autd3-driver",
]

[[package]]
name = "autd3capi-driver"
version = "38.0.0"
source = "git+https://github.com/shinolab/autd3-capi.git#0b37836537ab34e18daa269c7c657b1b748aec64"
dependencies = [
 "autd3",
 "autd3-core",
]

[[package]]
name = "autd3capi-emulator"
version = "38.0.0"
dependencies = [
 "autd3-emulator",
 "autd3capi-driver",
]
