# This file is automatically @generated by Cargo.
# It is not intended for manual editing.
version = 4

[[package]]
name = "autd3"
version = "37.0.0-alpha.2"
source = "registry+https://github.com/rust-lang/crates.io-index"
checksum = "1e69663bbb21efe928497c8eeba3bc280bb0fa79e2cfe092dcb7a2a66d2b97f1"
dependencies = [
 "autd3-core",
 "autd3-driver",
 "autd3-firmware-emulator",
]

[[package]]
name = "autd3-core"
version = "37.0.0-alpha.2"
source = "registry+https://github.com/rust-lang/crates.io-index"
checksum = "51b644544e4dcf0a28ea51721fbfc2006d7740556d15a5fa588bf0f14ee8a76e"
dependencies = [
 "autd3-derive",
]

[[package]]
name = "autd3-derive"
version = "37.0.0-alpha.2"
source = "registry+https://github.com/rust-lang/crates.io-index"
checksum = "a73780d18200af8b810a95791b60d8c86a418794f1085cd0dcf7bd0bc9199618"

[[package]]
name = "autd3-driver"
version = "37.0.0-alpha.2"
source = "registry+https://github.com/rust-lang/crates.io-index"
checksum = "da80126b2137f4ff237b499e2b62e083ae707ccde4cefbddf102f042e89bf0bd"
dependencies = [
 "autd3-core",
]

[[package]]
name = "autd3-emulator"
version = "37.0.0-alpha.2"
source = "registry+https://github.com/rust-lang/crates.io-index"
checksum = "1752ca7e728b6ea51d83c920b2d1c53cbfc1d51fc59608a6ef47457ed833cbe4"
dependencies = [
 "autd3",
 "autd3-core",
 "autd3-firmware-emulator",
]

[[package]]
name = "autd3-firmware-emulator"
version = "37.0.0-alpha.2"
source = "registry+https://github.com/rust-lang/crates.io-index"
checksum = "6ed422f1f9562af72478488c2307aefdda9bc2b60d0c62cbfe84cde3437e498c"
dependencies = [
 "autd3-core",
 "autd3-driver",
]

[[package]]
name = "autd3capi-driver"
version = "37.0.0-alpha.2"
source = "git+https://github.com/shinolab/autd3-capi.git#a4d92d5b56762f59462276005b16377a8d2e3a12"
dependencies = [
 "autd3",
 "autd3-core",
]

[[package]]
name = "autd3capi-emulator"
version = "37.0.0-alpha.2"
dependencies = [
 "autd3-emulator",
 "autd3capi-driver",
]
